
Microsoft Visual Studio Solution File, Format Version 12.00
# Visual Studio Version 16
VisualStudioVersion = 16.0.31911.196
MinimumVisualStudioVersion = 10.0.40219.1
Project("{FAE04EC0-301F-11D3-BF4B-00C04F79EFBC}") = "UzduotisNr3", "UzduotisNr3\UzduotisNr3.csproj", "{CFC2787F-D31A-41BD-8F0C-A3EBBF8A1D38}"
EndProject
Global
	GlobalSection(SolutionConfigurationPlatforms) = preSolution
		Debug|Any CPU = Debug|Any CPU
		Release|Any CPU = Release|Any CPU
	EndGlobalSection
	GlobalSection(ProjectConfigurationPlatforms) = postSolution
		{CFC2787F-D31A-41BD-8F0C-A3EBBF8A1D38}.Debug|Any CPU.ActiveCfg = Debug|Any CPU
		{CFC2787F-D31A-41BD-8F0C-A3EBBF8A1D38}.Debug|Any CPU.Build.0 = Debug|Any CPU
		{CFC2787F-D31A-41BD-8F0C-A3EBBF8A1D38}.Release|Any CPU.ActiveCfg = Release|Any CPU
		{CFC2787F-D31A-41BD-8F0C-A3EBBF8A1D38}.Release|Any CPU.Build.0 = Release|Any CPU
	EndGlobalSection
	GlobalSection(SolutionProperties) = preSolution
		HideSolutionNode = FALSE
	EndGlobalSection
	GlobalSection(ExtensibilityGlobals) = postSolution
		SolutionGuid = {8D9351F1-E2BC-4857-A818-0A3AD9470B7F}
	EndGlobalSection
EndGlobal
